// !$*UTF8*$!
{
	archiveVersion = 1;
	classes = {
	};
	objectVersion = 50;
	objects = {

/* Begin PBXBuildFile section */
		22DADFFF2537263E0089C240 /* AppDelegate.swift in Sources */ = {isa = PBXBuildFile; fileRef = 22DADFFE2537263E0089C240 /* AppDelegate.swift */; };
		22DAE0012537263E0089C240 /* SceneDelegate.swift in Sources */ = {isa = PBXBuildFile; fileRef = 22DAE0002537263E0089C240 /* SceneDelegate.swift */; };
		22DAE0032537263E0089C240 /* ViewController.swift in Sources */ = {isa = PBXBuildFile; fileRef = 22DAE0022537263E0089C240 /* ViewController.swift */; };
		22DAE0062537263E0089C240 /* Main.storyboard in Resources */ = {isa = PBXBuildFile; fileRef = 22DAE0042537263E0089C240 /* Main.storyboard */; };
		22DAE008253726400089C240 /* Assets.xcassets in Resources */ = {isa = PBXBuildFile; fileRef = 22DAE007253726400089C240 /* Assets.xcassets */; };
		22DAE00B253726400089C240 /* LaunchScreen.storyboard in Resources */ = {isa = PBXBuildFile; fileRef = 22DAE009253726400089C240 /* LaunchScreen.storyboard */; };
		22DAE016253728A70089C240 /* DemoCell.swift in Sources */ = {isa = PBXBuildFile; fileRef = 22DAE014253728A70089C240 /* DemoCell.swift */; };
		22DAE017253728A70089C240 /* DemoCell.xib in Resources */ = {isa = PBXBuildFile; fileRef = 22DAE015253728A70089C240 /* DemoCell.xib */; };
		647C6FE21093128B8F1B9858 /* Pods_collectionviewdiffableDS.framework in Frameworks */ = {isa = PBXBuildFile; fileRef = 76DB47AF1DB8936438CE4D58 /* Pods_collectionviewdiffableDS.framework */; };
/* End PBXBuildFile section */

/* Begin PBXFileReference section */
		22DADFFB2537263E0089C240 /* collectionviewdiffableDS.app */ = {isa = PBXFileReference; explicitFileType = wrapper.application; includeInIndex = 0; path = collectionviewdiffableDS.app; sourceTree = BUILT_PRODUCTS_DIR; };
		22DADFFE2537263E0089C240 /* AppDelegate.swift */ = {isa = PBXFileReference; lastKnownFileType = sourcecode.swift; path = AppDelegate.swift; sourceTree = "<group>"; };
		22DAE0002537263E0089C240 /* SceneDelegate.swift */ = {isa = PBXFileReference; lastKnownFileType = sourcecode.swift; path = SceneDelegate.swift; sourceTree = "<group>"; };
		22DAE0022537263E0089C240 /* ViewController.swift */ = {isa = PBXFileReference; lastKnownFileType = sourcecode.swift; path = ViewController.swift; sourceTree = "<group>"; };
		22DAE0052537263E0089C240 /* Base */ = {isa = PBXFileReference; lastKnownFileType = file.storyboard; name = Base; path = Base.lproj/Main.storyboard; sourceTree = "<group>"; };
		22DAE007253726400089C240 /* Assets.xcassets */ = {isa = PBXFileReference; lastKnownFileType = folder.assetcatalog; path = Assets.xcassets; sourceTree = "<group>"; };
		22DAE00A253726400089C240 /* Base */ = {isa = PBXFileReference; lastKnownFileType = file.storyboard; name = Base; path = Base.lproj/LaunchScreen.storyboard; sourceTree = "<group>"; };
		22DAE00C253726400089C240 /* Info.plist */ = {isa = PBXFileReference; lastKnownFileType = text.plist.xml; path = Info.plist; sourceTree = "<group>"; };
		22DAE014253728A70089C240 /* DemoCell.swift */ = {isa = PBXFileReference; lastKnownFileType = sourcecode.swift; path = DemoCell.swift; sourceTree = "<group>"; };
		22DAE015253728A70089C240 /* DemoCell.xib */ = {isa = PBXFileReference; lastKnownFileType = file.xib; path = DemoCell.xib; sourceTree = "<group>"; };
		461CF28A60073170F55FC4B8 /* Pods-collectionviewdiffableDS.debug.xcconfig */ = {isa = PBXFileReference; includeInIndex = 1; lastKnownFileType = text.xcconfig; name = "Pods-collectionviewdiffableDS.debug.xcconfig"; path = "Target Support Files/Pods-collectionviewdiffableDS/Pods-collectionviewdiffableDS.debug.xcconfig"; sourceTree = "<group>"; };
		76DB47AF1DB8936438CE4D58 /* Pods_collectionviewdiffableDS.framework */ = {isa = PBXFileReference; explicitFileType = wrapper.framework; includeInIndex = 0; path = Pods_collectionviewdiffableDS.framework; sourceTree = BUILT_PRODUCTS_DIR; };
		797BCB9A4926677AE1365B79 /* Pods-collectionviewdiffableDS.release.xcconfig */ = {isa = PBXFileReference; includeInIndex = 1; lastKnownFileType = text.xcconfig; name = "Pods-collectionviewdiffableDS.release.xcconfig"; path = "Target Support Files/Pods-collectionviewdiffableDS/Pods-collectionviewdiffableDS.release.xcconfig"; sourceTree = "<group>"; };
/* End PBXFileReference section */

/* Begin PBXFrameworksBuildPhase section */
		22DADFF82537263E0089C240 /* Frameworks */ = {
			isa = PBXFrameworksBuildPhase;
			buildActionMask = 2147483647;
			files = (
				647C6FE21093128B8F1B9858 /* Pods_collectionviewdiffableDS.framework in Frameworks */,
			);
			runOnlyForDeploymentPostprocessing = 0;
		};
/* End PBXFrameworksBuildPhase section */

/* Begin PBXGroup section */
		22DADFF22537263E0089C240 = {
			isa = PBXGroup;
			children = (
				22DADFFD2537263E0089C240 /* collectionviewdiffableDS */,
				22DADFFC2537263E0089C240 /* Products */,
				C410EB35D21DDA363605C639 /* Pods */,
				A707A260BD492ED5E0E7617F /* Frameworks */,
			);
			sourceTree = "<group>";
		};
		22DADFFC2537263E0089C240 /* Products */ = {
			isa = PBXGroup;
			children = (
				22DADFFB2537263E0089C240 /* collectionviewdiffableDS.app */,
			);
			name = Products;
			sourceTree = "<group>";
		};
		22DADFFD2537263E0089C240 /* collectionviewdiffableDS */ = {
			isa = PBXGroup;
			children = (
				22DAE0132537287E0089C240 /* cells */,
				22DADFFE2537263E0089C240 /* AppDelegate.swift */,
				22DAE0002537263E0089C240 /* SceneDelegate.swift */,
				22DAE0022537263E0089C240 /* ViewController.swift */,
				22DAE0042537263E0089C240 /* Main.storyboard */,
				22DAE007253726400089C240 /* Assets.xcassets */,
				22DAE009253726400089C240 /* LaunchScreen.storyboard */,
				22DAE00C253726400089C240 /* Info.plist */,
			);
			path = collectionviewdiffableDS;
			sourceTree = "<group>";
		};
		22DAE0132537287E0089C240 /* cells */ = {
			isa = PBXGroup;
			children = (
				22DAE014253728A70089C240 /* DemoCell.swift */,
				22DAE015253728A70089C240 /* DemoCell.xib */,
			);
			path = cells;
			sourceTree = "<group>";
		};
		A707A260BD492ED5E0E7617F /* Frameworks */ = {
			isa = PBXGroup;
			children = (
				76DB47AF1DB8936438CE4D58 /* Pods_collectionviewdiffableDS.framework */,
			);
			name = Frameworks;
			sourceTree = "<group>";
		};
		C410EB35D21DDA363605C639 /* Pods */ = {
			isa = PBXGroup;
			children = (
				461CF28A60073170F55FC4B8 /* Pods-collectionviewdiffableDS.debug.xcconfig */,
				797BCB9A4926677AE1365B79 /* Pods-collectionviewdiffableDS.release.xcconfig */,
			);
			name = Pods;
			path = Pods;
			sourceTree = "<group>";
		};
/* End PBXGroup section */

/* Begin PBXNativeTarget section */
		22DADFFA2537263E0089C240 /* collectionviewdiffableDS */ = {
			isa = PBXNativeTarget;
			buildConfigurationList = 22DAE00F253726400089C240 /* Build configuration list for PBXNativeTarget "collectionviewdiffableDS" */;
			buildPhases = (
				782CCAA841A71FDBAB9488F2 /* [CP] Check Pods Manifest.lock */,
				22DADFF72537263E0089C240 /* Sources */,
				22DADFF82537263E0089C240 /* Frameworks */,
				22DADFF92537263E0089C240 /* Resources */,
				5E8D150446D76FD24682CC3C /* [CP] Embed Pods Frameworks */,
			);
			buildRules = (
			);
			dependencies = (
			);
			name = collectionviewdiffableDS;
			productName = collectionviewdiffableDS;
			productReference = 22DADFFB2537263E0089C240 /* collectionviewdiffableDS.app */;
			productType = "com.apple.product-type.application";
		};
/* End PBXNativeTarget section */

/* Begin PBXProject section */
		22DADFF32537263E0089C240 /* Project object */ = {
			isa = PBXProject;
			attributes = {
				LastSwiftUpdateCheck = 1200;
				LastUpgradeCheck = 1200;
				TargetAttributes = {
					22DADFFA2537263E0089C240 = {
						CreatedOnToolsVersion = 12.0;
					};
				};
			};
			buildConfigurationList = 22DADFF62537263E0089C240 /* Build configuration list for PBXProject "collectionviewdiffableDS" */;
			compatibilityVersion = "Xcode 9.3";
			developmentRegion = en;
			hasScannedForEncodings = 0;
			knownRegions = (
				en,
				Base,
			);
			mainGroup = 22DADFF22537263E0089C240;
			productRefGroup = 22DADFFC2537263E0089C240 /* Products */;
			projectDirPath = "";
			projectRoot = "";
			targets = (
				22DADFFA2537263E0089C240 /* collectionviewdiffableDS */,
			);
		};
/* End PBXProject section */

/* Begin PBXResourcesBuildPhase section */
		22DADFF92537263E0089C240 /* Resources */ = {
			isa = PBXResourcesBuildPhase;
			buildActionMask = 2147483647;
			files = (
				22DAE00B253726400089C240 /* LaunchScreen.storyboard in Resources */,
				22DAE008253726400089C240 /* Assets.xcassets in Resources */,
				22DAE017253728A70089C240 /* DemoCell.xib in Resources */,
				22DAE0062537263E0089C240 /* Main.storyboard in Resources */,
			);
			runOnlyForDeploymentPostprocessing = 0;
		};
/* End PBXResourcesBuildPhase section */

/* Begin PBXShellScriptBuildPhase section */
		5E8D150446D76FD24682CC3C /* [CP] Embed Pods Frameworks */ = {
			isa = PBXShellScriptBuildPhase;
			buildActionMask = 2147483647;
			files = (
			);
			inputFileListPaths = (
				"${PODS_ROOT}/Target Support Files/Pods-collectionviewdiffableDS/Pods-collectionviewdiffableDS-frameworks-${CONFIGURATION}-input-files.xcfilelist",
			);
			name = "[CP] Embed Pods Frameworks";
			outputFileListPaths = (
				"${PODS_ROOT}/Target Support Files/Pods-collectionviewdiffableDS/Pods-collectionviewdiffableDS-frameworks-${CONFIGURATION}-output-files.xcfilelist",
			);
			runOnlyForDeploymentPostprocessing = 0;
			shellPath = /bin/sh;
			shellScript = "\"${PODS_ROOT}/Target Support Files/Pods-collectionviewdiffableDS/Pods-collectionviewdiffableDS-frameworks.sh\"\n";
			showEnvVarsInLog = 0;
		};
		782CCAA841A71FDBAB9488F2 /* [CP] Check Pods Manifest.lock */ = {
			isa = PBXShellScriptBuildPhase;
			buildActionMask = 2147483647;
			files = (
			);
			inputFileListPaths = (
			);
			inputPaths = (
				"${PODS_PODFILE_DIR_PATH}/Podfile.lock",
				"${PODS_ROOT}/Manifest.lock",
			);
			name = "[CP] Check Pods Manifest.lock";
			outputFileListPaths = (
			);
			outputPaths = (
				"$(DERIVED_FILE_DIR)/Pods-collectionviewdiffableDS-checkManifestLockResult.txt",
			);
			runOnlyForDeploymentPostprocessing = 0;
			shellPath = /bin/sh;
			shellScript = "diff \"${PODS_PODFILE_DIR_PATH}/Podfile.lock\" \"${PODS_ROOT}/Manifest.lock\" > /dev/null\nif [ $? != 0 ] ; then\n    # print error to STDERR\n    echo \"error: The sandbox is not in sync with the Podfile.lock. Run 'pod install' or update your CocoaPods installation.\" >&2\n    exit 1\nfi\n# This output is used by Xcode 'outputs' to avoid re-running this script phase.\necho \"SUCCESS\" > \"${SCRIPT_OUTPUT_FILE_0}\"\n";
			showEnvVarsInLog = 0;
		};
/* End PBXShellScriptBuildPhase section */

/* Begin PBXSourcesBuildPhase section */
		22DADFF72537263E0089C240 /* Sources */ = {
			isa = PBXSourcesBuildPhase;
			buildActionMask = 2147483647;
			files = (
				22DAE0032537263E0089C240 /* ViewController.swift in Sources */,
				22DADFFF2537263E0089C240 /* AppDelegate.swift in Sources */,
				22DAE016253728A70089C240 /* DemoCell.swift in Sources */,
				22DAE0012537263E0089C240 /* SceneDelegate.swift in Sources */,
			);
			runOnlyForDeploymentPostprocessing = 0;
		};
/* End PBXSourcesBuildPhase section */

/* Begin PBXVariantGroup section */
		22DAE0042537263E0089C240 /* Main.storyboard */ = {
			isa = PBXVariantGroup;
			children = (
				22DAE0052537263E0089C240 /* Base */,
			);
			name = Main.storyboard;
			sourceTree = "<group>";
		};
		22DAE009253726400089C240 /* LaunchScreen.storyboard */ = {
			isa = PBXVariantGroup;
			children = (
				22DAE00A253726400089C240 /* Base */,
			);
			name = LaunchScreen.storyboard;
			sourceTree = "<group>";
		};
/* End PBXVariantGroup section */

/* Begin XCBuildConfiguration section */
		22DAE00D253726400089C240 /* Debug */ = {
			isa = XCBuildConfiguration;
			buildSettings = {
				ALWAYS_SEARCH_USER_PATHS = NO;
				CLANG_ANALYZER_NONNULL = YES;
				CLANG_ANALYZER_NUMBER_OBJECT_CONVERSION = YES_AGGRESSIVE;
				CLANG_CXX_LANGUAGE_STANDARD = "gnu++14";
				CLANG_CXX_LIBRARY = "libc++";
				CLANG_ENABLE_MODULES = YES;
				CLANG_ENABLE_OBJC_ARC = YES;
				CLANG_ENABLE_OBJC_WEAK = YES;
				CLANG_WARN_BLOCK_CAPTURE_AUTORELEASING = YES;
				CLANG_WARN_BOOL_CONVERSION = YES;
				CLANG_WARN_COMMA = YES;
				CLANG_WARN_CONSTANT_CONVERSION = YES;
				CLANG_WARN_DEPRECATED_OBJC_IMPLEMENTATIONS = YES;
				CLANG_WARN_DIRECT_OBJC_ISA_USAGE = YES_ERROR;
				CLANG_WARN_DOCUMENTATION_COMMENTS = YES;
				CLANG_WARN_EMPTY_BODY = YES;
				CLANG_WARN_ENUM_CONVERSION = YES;
				CLANG_WARN_INFINITE_RECURSION = YES;
				CLANG_WARN_INT_CONVERSION = YES;
				CLANG_WARN_NON_LITERAL_NULL_CONVERSION = YES;
				CLANG_WARN_OBJC_IMPLICIT_RETAIN_SELF = YES;
				CLANG_WARN_OBJC_LITERAL_CONVERSION = YES;
				CLANG_WARN_OBJC_ROOT_CLASS = YES_ERROR;
				CLANG_WARN_QUOTED_INCLUDE_IN_FRAMEWORK_HEADER = YES;
				CLANG_WARN_RANGE_LOOP_ANALYSIS = YES;
				CLANG_WARN_STRICT_PROTOTYPES = YES;
				CLANG_WARN_SUSPICIOUS_MOVE = YES;
				CLANG_WARN_UNGUARDED_AVAILABILITY = YES_AGGRESSIVE;
				CLANG_WARN_UNREACHABLE_CODE = YES;
				CLANG_WARN__DUPLICATE_METHOD_MATCH = YES;
				COPY_PHASE_STRIP = NO;
				DEBUG_INFORMATION_FORMAT = dwarf;
				ENABLE_STRICT_OBJC_MSGSEND = YES;
				ENABLE_TESTABILITY = YES;
				GCC_C_LANGUAGE_STANDARD = gnu11;
				GCC_DYNAMIC_NO_PIC = NO;
				GCC_NO_COMMON_BLOCKS = YES;
				GCC_OPTIMIZATION_LEVEL = 0;
				GCC_PREPROCESSOR_DEFINITIONS = (
					"DEBUG=1",
					"$(inherited)",
				);
				GCC_WARN_64_TO_32_BIT_CONVERSION = YES;
				GCC_WARN_ABOUT_RETURN_TYPE = YES_ERROR;
				GCC_WARN_UNDECLARED_SELECTOR = YES;
				GCC_WARN_UNINITIALIZED_AUTOS = YES_AGGRESSIVE;
				GCC_WARN_UNUSED_FUNCTION = YES;
				GCC_WARN_UNUSED_VARIABLE = YES;
				IPHONEOS_DEPLOYMENT_TARGET = 13.4;
				MTL_ENABLE_DEBUG_INFO = INCLUDE_SOURCE;
				MTL_FAST_MATH = YES;
				ONLY_ACTIVE_ARCH = YES;
				SDKROOT = iphoneos;
				SWIFT_ACTIVE_COMPILATION_CONDITIONS = DEBUG;
				SWIFT_OPTIMIZATION_LEVEL = "-Onone";
			};
			name = Debug;
		};
		22DAE00E253726400089C240 /* Release */ = {
			isa = XCBuildConfiguration;
			buildSettings = {
				ALWAYS_SEARCH_USER_PATHS = NO;
				CLANG_ANALYZER_NONNULL = YES;
				CLANG_ANALYZER_NUMBER_OBJECT_CONVERSION = YES_AGGRESSIVE;
				CLANG_CXX_LANGUAGE_STANDARD = "gnu++14";
				CLANG_CXX_LIBRARY = "libc++";
				CLANG_ENABLE_MODULES = YES;
				CLANG_ENABLE_OBJC_ARC = YES;
				CLANG_ENABLE_OBJC_WEAK = YES;
				CLANG_WARN_BLOCK_CAPTURE_AUTORELEASING = YES;
				CLANG_WARN_BOOL_CONVERSION = YES;
				CLANG_WARN_COMMA = YES;
				CLANG_WARN_CONSTANT_CONVERSION = YES;
				CLANG_WARN_DEPRECATED_OBJC_IMPLEMENTATIONS = YES;
				CLANG_WARN_DIRECT_OBJC_ISA_USAGE = YES_ERROR;
				CLANG_WARN_DOCUMENTATION_COMMENTS = YES;
				CLANG_WARN_EMPTY_BODY = YES;
				CLANG_WARN_ENUM_CONVERSION = YES;
				CLANG_WARN_INFINITE_RECURSION = YES;
				CLANG_WARN_INT_CONVERSION = YES;
				CLANG_WARN_NON_LITERAL_NULL_CONVERSION = YES;
				CLANG_WARN_OBJC_IMPLICIT_RETAIN_SELF = YES;
				CLANG_WARN_OBJC_LITERAL_CONVERSION = YES;
				CLANG_WARN_OBJC_ROOT_CLASS = YES_ERROR;
				CLANG_WARN_QUOTED_INCLUDE_IN_FRAMEWORK_HEADER = YES;
				CLANG_WARN_RANGE_LOOP_ANALYSIS = YES;
				CLANG_WARN_STRICT_PROTOTYPES = YES;
				CLANG_WARN_SUSPICIOUS_MOVE = YES;
				CLANG_WARN_UNGUARDED_AVAILABILITY = YES_AGGRESSIVE;
				CLANG_WARN_UNREACHABLE_CODE = YES;
				CLANG_WARN__DUPLICATE_METHOD_MATCH = YES;
				COPY_PHASE_STRIP = NO;
				DEBUG_INFORMATION_FORMAT = "dwarf-with-dsym";
				ENABLE_NS_ASSERTIONS = NO;
				ENABLE_STRICT_OBJC_MSGSEND = YES;
				GCC_C_LANGUAGE_STANDARD = gnu11;
				GCC_NO_COMMON_BLOCKS = YES;
				GCC_WARN_64_TO_32_BIT_CONVERSION = YES;
				GCC_WARN_ABOUT_RETURN_TYPE = YES_ERROR;
				GCC_WARN_UNDECLARED_SELECTOR = YES;
				GCC_WARN_UNINITIALIZED_AUTOS = YES_AGGRESSIVE;
				GCC_WARN_UNUSED_FUNCTION = YES;
				GCC_WARN_UNUSED_VARIABLE = YES;
				IPHONEOS_DEPLOYMENT_TARGET = 13.4;
				MTL_ENABLE_DEBUG_INFO = NO;
				MTL_FAST_MATH = YES;
				SDKROOT = iphoneos;
				SWIFT_COMPILATION_MODE = wholemodule;
				SWIFT_OPTIMIZATION_LEVEL = "-O";
				VALIDATE_PRODUCT = YES;
			};
			name = Release;
		};
		22DAE010253726400089C240 /* Debug */ = {
			isa = XCBuildConfiguration;
			baseConfigurationReference = 461CF28A60073170F55FC4B8 /* Pods-collectionviewdiffableDS.debug.xcconfig */;
			buildSettings = {
				ASSETCATALOG_COMPILER_APPICON_NAME = AppIcon;
				ASSETCATALOG_COMPILER_GLOBAL_ACCENT_COLOR_NAME = AccentColor;
				CODE_SIGN_STYLE = Automatic;
				DEVELOPMENT_TEAM = C2S498RPXZ;
				INFOPLIST_FILE = collectionviewdiffableDS/Info.plist;
				LD_RUNPATH_SEARCH_PATHS = (
					"$(inherited)",
					"@executable_path/Frameworks",
				);
				PRODUCT_BUNDLE_IDENTIFIER = com.jyo.app.collectionviewdiffableDS;
				PRODUCT_NAME = "$(TARGET_NAME)";
				SWIFT_VERSION = 5.0;
				TARGETED_DEVICE_FAMILY = "1,2";
			};
			name = Debug;
		};
		22DAE011253726400089C240 /* Release */ = {
			isa = XCBuildConfiguration;
			baseConfigurationReference = 797BCB9A4926677AE1365B79 /* Pods-collectionviewdiffableDS.release.xcconfig */;
			buildSettings = {
				ASSETCATALOG_COMPILER_APPICON_NAME = AppIcon;
				ASSETCATALOG_COMPILER_GLOBAL_ACCENT_COLOR_NAME = AccentColor;
				CODE_SIGN_STYLE = Automatic;
				DEVELOPMENT_TEAM = C2S498RPXZ;
				INFOPLIST_FILE = collectionviewdiffableDS/Info.plist;
				LD_RUNPATH_SEARCH_PATHS = (
					"$(inherited)",
					"@executable_path/Frameworks",
				);
				PRODUCT_BUNDLE_IDENTIFIER = com.jyo.app.collectionviewdiffableDS;
				PRODUCT_NAME = "$(TARGET_NAME)";
				SWIFT_VERSION = 5.0;
				TARGETED_DEVICE_FAMILY = "1,2";
			};
			name = Release;
		};
/* End XCBuildConfiguration section */

/* Begin XCConfigurationList section */
		22DADFF62537263E0089C240 /* Build configuration list for PBXProject "collectionviewdiffableDS" */ = {
			isa = XCConfigurationList;
			buildConfigurations = (
				22DAE00D253726400089C240 /* Debug */,
				22DAE00E253726400089C240 /* Release */,
			);
			defaultConfigurationIsVisible = 0;
			defaultConfigurationName = Release;
		};
		22DAE00F253726400089C240 /* Build configuration list for PBXNativeTarget "collectionviewdiffableDS" */ = {
			isa = XCConfigurationList;
			buildConfigurations = (
				22DAE010253726400089C240 /* Debug */,
				22DAE011253726400089C240 /* Release */,
			);
			defaultConfigurationIsVisible = 0;
			defaultConfigurationName = Release;
		};
/* End XCConfigurationList section */
	};
	rootObject = 22DADFF32537263E0089C240 /* Project object */;
}
